{
  "name": "evalite",
  "lockfileVersion": 3,
  "requires": true,
  "packages": {
    "": {
      "dependencies": {
        "ollama": "^0.5.15"
      }
    },
    "node_modules/ollama": {
      "version": "0.5.15",
      "resolved": "https://registry.npmjs.org/ollama/-/ollama-0.5.15.tgz",
      "integrity": "sha512-TSaZSJyP7MQJFjSmmNsoJiriwa3U+/UJRw6+M8aucs5dTsaWNZsBIGpDb5rXnW6nXxJBB/z79gZY8IaiIQgelQ==",
      "license": "MIT",
      "dependencies": {
        "whatwg-fetch": "^3.6.20"
      }
    },
    "node_modules/whatwg-fetch": {
      "version": "3.6.20",
      "resolved": "https://registry.npmjs.org/whatwg-fetch/-/whatwg-fetch-3.6.20.tgz",
      "integrity": "sha512-EqhiFU6daOA8kpjOWTL0olhVOF3i7OrFzSYiGsEMB8GcXS+RrzauAERX65xMeNWVqxA6HXH2m69Z9LaKKdisfg==",
      "license": "MIT"
    }
  }
}
